{
  "name": "myzubster-animal-registry",
  "version": "0.1.0",
  "lockfileVersion": 3,
  "requires": true,
  "packages": {
    "": {
      "name": "myzubster-animal-registry",
      "version": "0.1.0",
      "license": "MIT",
      "bin": {
        "myzubster-nfc-tag": "bin/generate-nfc-tag.js",
        "myzubster-verify-nfc-tag": "bin/verify-nfc-tag.js"
      }
    }
  }
}
